// !$*UTF8*$!
{
	archiveVersion = 1;
	classes = {
	};
	objectVersion = 51;
	objects = {

/* Begin PBXBuildFile section */
		120388695490F4B89EB58829 /* Pods_SignalRClientSwift.framework in Frameworks */ = {isa = PBXBuildFile; fileRef = 89037393FF88A7A25F9CBF7A /* Pods_SignalRClientSwift.framework */; };
		464147082688782500045AC9 /* AppDelegate.swift in Sources */ = {isa = PBXBuildFile; fileRef = 464147072688782500045AC9 /* AppDelegate.swift */; };
		4641470A2688782500045AC9 /* SceneDelegate.swift in Sources */ = {isa = PBXBuildFile; fileRef = 464147092688782500045AC9 /* SceneDelegate.swift */; };
		4641470C2688782500045AC9 /* ViewController.swift in Sources */ = {isa = PBXBuildFile; fileRef = 4641470B2688782500045AC9 /* ViewController.swift */; };
		4641470F2688782500045AC9 /* Main.storyboard in Resources */ = {isa = PBXBuildFile; fileRef = 4641470D2688782500045AC9 /* Main.storyboard */; };
		464147112688782700045AC9 /* Assets.xcassets in Resources */ = {isa = PBXBuildFile; fileRef = 464147102688782700045AC9 /* Assets.xcassets */; };
		464147142688782700045AC9 /* LaunchScreen.storyboard in Resources */ = {isa = PBXBuildFile; fileRef = 464147122688782700045AC9 /* LaunchScreen.storyboard */; };
		46596AE12688C88300B97063 /* ChatTableViewCell.swift in Sources */ = {isa = PBXBuildFile; fileRef = 46596AE02688C88300B97063 /* ChatTableViewCell.swift */; };
/* End PBXBuildFile section */

/* Begin PBXFileReference section */
		2ED0118DB9E4452AE24BB96E /* Pods-SignalRClientSwift.release.xcconfig */ = {isa = PBXFileReference; includeInIndex = 1; lastKnownFileType = text.xcconfig; name = "Pods-SignalRClientSwift.release.xcconfig"; path = "Target Support Files/Pods-SignalRClientSwift/Pods-SignalRClientSwift.release.xcconfig"; sourceTree = "<group>"; };
		464147042688782500045AC9 /* SignalRClientSwift.app */ = {isa = PBXFileReference; explicitFileType = wrapper.application; includeInIndex = 0; path = SignalRClientSwift.app; sourceTree = BUILT_PRODUCTS_DIR; };
		464147072688782500045AC9 /* AppDelegate.swift */ = {isa = PBXFileReference; lastKnownFileType = sourcecode.swift; path = AppDelegate.swift; sourceTree = "<group>"; };
		464147092688782500045AC9 /* SceneDelegate.swift */ = {isa = PBXFileReference; lastKnownFileType = sourcecode.swift; path = SceneDelegate.swift; sourceTree = "<group>"; };
		4641470B2688782500045AC9 /* ViewController.swift */ = {isa = PBXFileReference; lastKnownFileType = sourcecode.swift; path = ViewController.swift; sourceTree = "<group>"; };
		4641470E2688782500045AC9 /* Base */ = {isa = PBXFileReference; lastKnownFileType = file.storyboard; name = Base; path = Base.lproj/Main.storyboard; sourceTree = "<group>"; };
		464147102688782700045AC9 /* Assets.xcassets */ = {isa = PBXFileReference; lastKnownFileType = folder.assetcatalog; path = Assets.xcassets; sourceTree = "<group>"; };
		464147132688782700045AC9 /* Base */ = {isa = PBXFileReference; lastKnownFileType = file.storyboard; name = Base; path = Base.lproj/LaunchScreen.storyboard; sourceTree = "<group>"; };
		464147152688782700045AC9 /* Info.plist */ = {isa = PBXFileReference; lastKnownFileType = text.plist.xml; path = Info.plist; sourceTree = "<group>"; };
		46596AE02688C88300B97063 /* ChatTableViewCell.swift */ = {isa = PBXFileReference; lastKnownFileType = sourcecode.swift; path = ChatTableViewCell.swift; sourceTree = "<group>"; };
		89037393FF88A7A25F9CBF7A /* Pods_SignalRClientSwift.framework */ = {isa = PBXFileReference; explicitFileType = wrapper.framework; includeInIndex = 0; path = Pods_SignalRClientSwift.framework; sourceTree = BUILT_PRODUCTS_DIR; };
		F63F52E2045823359F054306 /* Pods-SignalRClientSwift.debug.xcconfig */ = {isa = PBXFileReference; includeInIndex = 1; lastKnownFileType = text.xcconfig; name = "Pods-SignalRClientSwift.debug.xcconfig"; path = "Target Support Files/Pods-SignalRClientSwift/Pods-SignalRClientSwift.debug.xcconfig"; sourceTree = "<group>"; };
/* End PBXFileReference section */

/* Begin PBXFrameworksBuildPhase section */
		464147012688782500045AC9 /* Frameworks */ = {
			isa = PBXFrameworksBuildPhase;
			buildActionMask = 2147483647;
			files = (
				120388695490F4B89EB58829 /* Pods_SignalRClientSwift.framework in Frameworks */,
			);
			runOnlyForDeploymentPostprocessing = 0;
		};
/* End PBXFrameworksBuildPhase section */

/* Begin PBXGroup section */
		006A0706268E44D1CF918F94 /* Pods */ = {
			isa = PBXGroup;
			children = (
				F63F52E2045823359F054306 /* Pods-SignalRClientSwift.debug.xcconfig */,
				2ED0118DB9E4452AE24BB96E /* Pods-SignalRClientSwift.release.xcconfig */,
			);
			path = Pods;
			sourceTree = "<group>";
		};
		09FF80D22E15953B7C0273A3 /* Frameworks */ = {
			isa = PBXGroup;
			children = (
				89037393FF88A7A25F9CBF7A /* Pods_SignalRClientSwift.framework */,
			);
			name = Frameworks;
			sourceTree = "<group>";
		};
		464146FB2688782500045AC9 = {
			isa = PBXGroup;
			children = (
				464147062688782500045AC9 /* SignalRClientSwift */,
				464147052688782500045AC9 /* Products */,
				006A0706268E44D1CF918F94 /* Pods */,
				09FF80D22E15953B7C0273A3 /* Frameworks */,
			);
			sourceTree = "<group>";
		};
		464147052688782500045AC9 /* Products */ = {
			isa = PBXGroup;
			children = (
				464147042688782500045AC9 /* SignalRClientSwift.app */,
			);
			name = Products;
			sourceTree = "<group>";
		};
		464147062688782500045AC9 /* SignalRClientSwift */ = {
			isa = PBXGroup;
			children = (
				464147072688782500045AC9 /* AppDelegate.swift */,
				464147092688782500045AC9 /* SceneDelegate.swift */,
				4641470B2688782500045AC9 /* ViewController.swift */,
				46596AE02688C88300B97063 /* ChatTableViewCell.swift */,
				4641470D2688782500045AC9 /* Main.storyboard */,
				464147102688782700045AC9 /* Assets.xcassets */,
				464147122688782700045AC9 /* LaunchScreen.storyboard */,
				464147152688782700045AC9 /* Info.plist */,
			);
			path = SignalRClientSwift;
			sourceTree = "<group>";
		};
/* End PBXGroup section */

/* Begin PBXNativeTarget section */
		464147032688782500045AC9 /* SignalRClientSwift */ = {
			isa = PBXNativeTarget;
			buildConfigurationList = 464147182688782700045AC9 /* Build configuration list for PBXNativeTarget "SignalRClientSwift" */;
			buildPhases = (
				B0BC9663D43F83A75A76214C /* [CP] Check Pods Manifest.lock */,
				464147002688782500045AC9 /* Sources */,
				464147012688782500045AC9 /* Frameworks */,
				464147022688782500045AC9 /* Resources */,
				8FC65F0B70348CCB75D34E16 /* [CP] Embed Pods Frameworks */,
			);
			buildRules = (
			);
			dependencies = (
			);
			name = SignalRClientSwift;
			productName = SignalRClientSwift;
			productReference = 464147042688782500045AC9 /* SignalRClientSwift.app */;
			productType = "com.apple.product-type.application";
		};
/* End PBXNativeTarget section */

/* Begin PBXProject section */
		464146FC2688782500045AC9 /* Project object */ = {
			isa = PBXProject;
			attributes = {
				LastSwiftUpdateCheck = 1250;
				LastUpgradeCheck = 1250;
				TargetAttributes = {
					464147032688782500045AC9 = {
						CreatedOnToolsVersion = 12.5.1;
					};
				};
			};
			buildConfigurationList = 464146FF2688782500045AC9 /* Build configuration list for PBXProject "SignalRClientSwift" */;
			compatibilityVersion = "Xcode 9.3";
			developmentRegion = en;
			hasScannedForEncodings = 0;
			knownRegions = (
				en,
				Base,
			);
			mainGroup = 464146FB2688782500045AC9;
			productRefGroup = 464147052688782500045AC9 /* Products */;
			projectDirPath = "";
			projectRoot = "";
			targets = (
				464147032688782500045AC9 /* SignalRClientSwift */,
			);
		};
/* End PBXProject section */

/* Begin PBXResourcesBuildPhase section */
		464147022688782500045AC9 /* Resources */ = {
			isa = PBXResourcesBuildPhase;
			buildActionMask = 2147483647;
			files = (
				464147142688782700045AC9 /* LaunchScreen.storyboard in Resources */,
				464147112688782700045AC9 /* Assets.xcassets in Resources */,
				4641470F2688782500045AC9 /* Main.storyboard in Resources */,
			);
			runOnlyForDeploymentPostprocessing = 0;
		};
/* End PBXResourcesBuildPhase section */

/* Begin PBXShellScriptBuildPhase section */
		8FC65F0B70348CCB75D34E16 /* [CP] Embed Pods Frameworks */ = {
			isa = PBXShellScriptBuildPhase;
			buildActionMask = 2147483647;
			files = (
			);
			inputFileListPaths = (
				"${PODS_ROOT}/Target Support Files/Pods-SignalRClientSwift/Pods-SignalRClientSwift-frameworks-${CONFIGURATION}-input-files.xcfilelist",
			);
			name = "[CP] Embed Pods Frameworks";
			outputFileListPaths = (
				"${PODS_ROOT}/Target Support Files/Pods-SignalRClientSwift/Pods-SignalRClientSwift-frameworks-${CONFIGURATION}-output-files.xcfilelist",
			);
			runOnlyForDeploymentPostprocessing = 0;
			shellPath = /bin/sh;
			shellScript = "\"${PODS_ROOT}/Target Support Files/Pods-SignalRClientSwift/Pods-SignalRClientSwift-frameworks.sh\"\n";
			showEnvVarsInLog = 0;
		};
		B0BC9663D43F83A75A76214C /* [CP] Check Pods Manifest.lock */ = {
			isa = PBXShellScriptBuildPhase;
			buildActionMask = 2147483647;
			files = (
			);
			inputFileListPaths = (
			);
			inputPaths = (
				"${PODS_PODFILE_DIR_PATH}/Podfile.lock",
				"${PODS_ROOT}/Manifest.lock",
			);
			name = "[CP] Check Pods Manifest.lock";
			outputFileListPaths = (
			);
			outputPaths = (
				"$(DERIVED_FILE_DIR)/Pods-SignalRClientSwift-checkManifestLockResult.txt",
			);
			runOnlyForDeploymentPostprocessing = 0;
			shellPath = /bin/sh;
			shellScript = "diff \"${PODS_PODFILE_DIR_PATH}/Podfile.lock\" \"${PODS_ROOT}/Manifest.lock\" > /dev/null\nif [ $? != 0 ] ; then\n    # print error to STDERR\n    echo \"error: The sandbox is not in sync with the Podfile.lock. Run 'pod install' or update your CocoaPods installation.\" >&2\n    exit 1\nfi\n# This output is used by Xcode 'outputs' to avoid re-running this script phase.\necho \"SUCCESS\" > \"${SCRIPT_OUTPUT_FILE_0}\"\n";
			showEnvVarsInLog = 0;
		};
/* End PBXShellScriptBuildPhase section */

/* Begin PBXSourcesBuildPhase section */
		464147002688782500045AC9 /* Sources */ = {
			isa = PBXSourcesBuildPhase;
			buildActionMask = 2147483647;
			files = (
				4641470C2688782500045AC9 /* ViewController.swift in Sources */,
				46596AE12688C88300B97063 /* ChatTableViewCell.swift in Sources */,
				464147082688782500045AC9 /* AppDelegate.swift in Sources */,
				4641470A2688782500045AC9 /* SceneDelegate.swift in Sources */,
			);
			runOnlyForDeploymentPostprocessing = 0;
		};
/* End PBXSourcesBuildPhase section */

/* Begin PBXVariantGroup section */
		4641470D2688782500045AC9 /* Main.storyboard */ = {
			isa = PBXVariantGroup;
			children = (
				4641470E2688782500045AC9 /* Base */,
			);
			name = Main.storyboard;
			sourceTree = "<group>";
		};
		464147122688782700045AC9 /* LaunchScreen.storyboard */ = {
			isa = PBXVariantGroup;
			children = (
				464147132688782700045AC9 /* Base */,
			);
			name = LaunchScreen.storyboard;
			sourceTree = "<group>";
		};
/* End PBXVariantGroup section */

/* Begin XCBuildConfiguration section */
		464147162688782700045AC9 /* Debug */ = {
			isa = XCBuildConfiguration;
			buildSettings = {
				ALWAYS_SEARCH_USER_PATHS = NO;
				CLANG_ANALYZER_NONNULL = YES;
				CLANG_ANALYZER_NUMBER_OBJECT_CONVERSION = YES_AGGRESSIVE;
				CLANG_CXX_LANGUAGE_STANDARD = "gnu++14";
				CLANG_CXX_LIBRARY = "libc++";
				CLANG_ENABLE_MODULES = YES;
				CLANG_ENABLE_OBJC_ARC = YES;
				CLANG_ENABLE_OBJC_WEAK = YES;
				CLANG_WARN_BLOCK_CAPTURE_AUTORELEASING = YES;
				CLANG_WARN_BOOL_CONVERSION = YES;
				CLANG_WARN_COMMA = YES;
				CLANG_WARN_CONSTANT_CONVERSION = YES;
				CLANG_WARN_DEPRECATED_OBJC_IMPLEMENTATIONS = YES;
				CLANG_WARN_DIRECT_OBJC_ISA_USAGE = YES_ERROR;
				CLANG_WARN_DOCUMENTATION_COMMENTS = YES;
				CLANG_WARN_EMPTY_BODY = YES;
				CLANG_WARN_ENUM_CONVERSION = YES;
				CLANG_WARN_INFINITE_RECURSION = YES;
				CLANG_WARN_INT_CONVERSION = YES;
				CLANG_WARN_NON_LITERAL_NULL_CONVERSION = YES;
				CLANG_WARN_OBJC_IMPLICIT_RETAIN_SELF = YES;
				CLANG_WARN_OBJC_LITERAL_CONVERSION = YES;
				CLANG_WARN_OBJC_ROOT_CLASS = YES_ERROR;
				CLANG_WARN_QUOTED_INCLUDE_IN_FRAMEWORK_HEADER = YES;
				CLANG_WARN_RANGE_LOOP_ANALYSIS = YES;
				CLANG_WARN_STRICT_PROTOTYPES = YES;
				CLANG_WARN_SUSPICIOUS_MOVE = YES;
				CLANG_WARN_UNGUARDED_AVAILABILITY = YES_AGGRESSIVE;
				CLANG_WARN_UNREACHABLE_CODE = YES;
				CLANG_WARN__DUPLICATE_METHOD_MATCH = YES;
				COPY_PHASE_STRIP = NO;
				DEBUG_INFORMATION_FORMAT = dwarf;
				ENABLE_STRICT_OBJC_MSGSEND = YES;
				ENABLE_TESTABILITY = YES;
				GCC_C_LANGUAGE_STANDARD = gnu11;
				GCC_DYNAMIC_NO_PIC = NO;
				GCC_NO_COMMON_BLOCKS = YES;
				GCC_OPTIMIZATION_LEVEL = 0;
				GCC_PREPROCESSOR_DEFINITIONS = (
					"DEBUG=1",
					"$(inherited)",
				);
				GCC_WARN_64_TO_32_BIT_CONVERSION = YES;
				GCC_WARN_ABOUT_RETURN_TYPE = YES_ERROR;
				GCC_WARN_UNDECLARED_SELECTOR = YES;
				GCC_WARN_UNINITIALIZED_AUTOS = YES_AGGRESSIVE;
				GCC_WARN_UNUSED_FUNCTION = YES;
				GCC_WARN_UNUSED_VARIABLE = YES;
				IPHONEOS_DEPLOYMENT_TARGET = 14.5;
				MTL_ENABLE_DEBUG_INFO = INCLUDE_SOURCE;
				MTL_FAST_MATH = YES;
				ONLY_ACTIVE_ARCH = YES;
				SDKROOT = iphoneos;
				SWIFT_ACTIVE_COMPILATION_CONDITIONS = DEBUG;
				SWIFT_OPTIMIZATION_LEVEL = "-Onone";
			};
			name = Debug;
		};
		464147172688782700045AC9 /* Release */ = {
			isa = XCBuildConfiguration;
			buildSettings = {
				ALWAYS_SEARCH_USER_PATHS = NO;
				CLANG_ANALYZER_NONNULL = YES;
				CLANG_ANALYZER_NUMBER_OBJECT_CONVERSION = YES_AGGRESSIVE;
				CLANG_CXX_LANGUAGE_STANDARD = "gnu++14";
				CLANG_CXX_LIBRARY = "libc++";
				CLANG_ENABLE_MODULES = YES;
				CLANG_ENABLE_OBJC_ARC = YES;
				CLANG_ENABLE_OBJC_WEAK = YES;
				CLANG_WARN_BLOCK_CAPTURE_AUTORELEASING = YES;
				CLANG_WARN_BOOL_CONVERSION = YES;
				CLANG_WARN_COMMA = YES;
				CLANG_WARN_CONSTANT_CONVERSION = YES;
				CLANG_WARN_DEPRECATED_OBJC_IMPLEMENTATIONS = YES;
				CLANG_WARN_DIRECT_OBJC_ISA_USAGE = YES_ERROR;
				CLANG_WARN_DOCUMENTATION_COMMENTS = YES;
				CLANG_WARN_EMPTY_BODY = YES;
				CLANG_WARN_ENUM_CONVERSION = YES;
				CLANG_WARN_INFINITE_RECURSION = YES;
				CLANG_WARN_INT_CONVERSION = YES;
				CLANG_WARN_NON_LITERAL_NULL_CONVERSION = YES;
				CLANG_WARN_OBJC_IMPLICIT_RETAIN_SELF = YES;
				CLANG_WARN_OBJC_LITERAL_CONVERSION = YES;
				CLANG_WARN_OBJC_ROOT_CLASS = YES_ERROR;
				CLANG_WARN_QUOTED_INCLUDE_IN_FRAMEWORK_HEADER = YES;
				CLANG_WARN_RANGE_LOOP_ANALYSIS = YES;
				CLANG_WARN_STRICT_PROTOTYPES = YES;
				CLANG_WARN_SUSPICIOUS_MOVE = YES;
				CLANG_WARN_UNGUARDED_AVAILABILITY = YES_AGGRESSIVE;
				CLANG_WARN_UNREACHABLE_CODE = YES;
				CLANG_WARN__DUPLICATE_METHOD_MATCH = YES;
				COPY_PHASE_STRIP = NO;
				DEBUG_INFORMATION_FORMAT = "dwarf-with-dsym";
				ENABLE_NS_ASSERTIONS = NO;
				ENABLE_STRICT_OBJC_MSGSEND = YES;
				GCC_C_LANGUAGE_STANDARD = gnu11;
				GCC_NO_COMMON_BLOCKS = YES;
				GCC_WARN_64_TO_32_BIT_CONVERSION = YES;
				GCC_WARN_ABOUT_RETURN_TYPE = YES_ERROR;
				GCC_WARN_UNDECLARED_SELECTOR = YES;
				GCC_WARN_UNINITIALIZED_AUTOS = YES_AGGRESSIVE;
				GCC_WARN_UNUSED_FUNCTION = YES;
				GCC_WARN_UNUSED_VARIABLE = YES;
				IPHONEOS_DEPLOYMENT_TARGET = 14.5;
				MTL_ENABLE_DEBUG_INFO = NO;
				MTL_FAST_MATH = YES;
				SDKROOT = iphoneos;
				SWIFT_COMPILATION_MODE = wholemodule;
				SWIFT_OPTIMIZATION_LEVEL = "-O";
				VALIDATE_PRODUCT = YES;
			};
			name = Release;
		};
		464147192688782700045AC9 /* Debug */ = {
			isa = XCBuildConfiguration;
			baseConfigurationReference = F63F52E2045823359F054306 /* Pods-SignalRClientSwift.debug.xcconfig */;
			buildSettings = {
				ASSETCATALOG_COMPILER_APPICON_NAME = AppIcon;
				ASSETCATALOG_COMPILER_GLOBAL_ACCENT_COLOR_NAME = AccentColor;
				CODE_SIGN_STYLE = Automatic;
				INFOPLIST_FILE = SignalRClientSwift/Info.plist;
				LD_RUNPATH_SEARCH_PATHS = (
					"$(inherited)",
					"@executable_path/Frameworks",
				);
				PRODUCT_BUNDLE_IDENTIFIER = somsak.SignalRClientSwift;
				PRODUCT_NAME = "$(TARGET_NAME)";
				SWIFT_VERSION = 5.0;
				TARGETED_DEVICE_FAMILY = "1,2";
			};
			name = Debug;
		};
		4641471A2688782700045AC9 /* Release */ = {
			isa = XCBuildConfiguration;
			baseConfigurationReference = 2ED0118DB9E4452AE24BB96E /* Pods-SignalRClientSwift.release.xcconfig */;
			buildSettings = {
				ASSETCATALOG_COMPILER_APPICON_NAME = AppIcon;
				ASSETCATALOG_COMPILER_GLOBAL_ACCENT_COLOR_NAME = AccentColor;
				CODE_SIGN_STYLE = Automatic;
				INFOPLIST_FILE = SignalRClientSwift/Info.plist;
				LD_RUNPATH_SEARCH_PATHS = (
					"$(inherited)",
					"@executable_path/Frameworks",
				);
				PRODUCT_BUNDLE_IDENTIFIER = somsak.SignalRClientSwift;
				PRODUCT_NAME = "$(TARGET_NAME)";
				SWIFT_VERSION = 5.0;
				TARGETED_DEVICE_FAMILY = "1,2";
			};
			name = Release;
		};
/* End XCBuildConfiguration section */

/* Begin XCConfigurationList section */
		464146FF2688782500045AC9 /* Build configuration list for PBXProject "SignalRClientSwift" */ = {
			isa = XCConfigurationList;
			buildConfigurations = (
				464147162688782700045AC9 /* Debug */,
				464147172688782700045AC9 /* Release */,
			);
			defaultConfigurationIsVisible = 0;
			defaultConfigurationName = Release;
		};
		464147182688782700045AC9 /* Build configuration list for PBXNativeTarget "SignalRClientSwift" */ = {
			isa = XCConfigurationList;
			buildConfigurations = (
				464147192688782700045AC9 /* Debug */,
				4641471A2688782700045AC9 /* Release */,
			);
			defaultConfigurationIsVisible = 0;
			defaultConfigurationName = Release;
		};
/* End XCConfigurationList section */
	};
	rootObject = 464146FC2688782500045AC9 /* Project object */;
}
